// !$*UTF8*$!
{
	archiveVersion = 1;
	classes = {
	};
	objectVersion = 50;
	objects = {

/* Begin PBXBuildFile section */
		0352926F207C53A300F7B825 /* AppDelegate.swift in Sources */ = {isa = PBXBuildFile; fileRef = 0352926E207C53A300F7B825 /* AppDelegate.swift */; };
		03529271207C53A300F7B825 /* ViewController.swift in Sources */ = {isa = PBXBuildFile; fileRef = 03529270207C53A300F7B825 /* ViewController.swift */; };
		03529276207C53A400F7B825 /* Assets.xcassets in Resources */ = {isa = PBXBuildFile; fileRef = 03529275207C53A400F7B825 /* Assets.xcassets */; };
		03529279207C53A400F7B825 /* LaunchScreen.storyboard in Resources */ = {isa = PBXBuildFile; fileRef = 03529277207C53A400F7B825 /* LaunchScreen.storyboard */; };
		03529284207C53A400F7B825 /* ConcentrationTests.swift in Sources */ = {isa = PBXBuildFile; fileRef = 03529283207C53A400F7B825 /* ConcentrationTests.swift */; };
		0352928F207C53A400F7B825 /* ConcentrationUITests.swift in Sources */ = {isa = PBXBuildFile; fileRef = 0352928E207C53A400F7B825 /* ConcentrationUITests.swift */; };
		03AF70062082682E00C11D61 /* Main.storyboard in Resources */ = {isa = PBXBuildFile; fileRef = 03529272207C53A300F7B825 /* Main.storyboard */; };
		03D647952080574B00C254E7 /* Emojis.swift in Sources */ = {isa = PBXBuildFile; fileRef = 03D647942080574B00C254E7 /* Emojis.swift */; };
		03E9CF85207DA73E00891A43 /* Concentration.swift in Sources */ = {isa = PBXBuildFile; fileRef = 03E9CF84207DA73E00891A43 /* Concentration.swift */; };
		03E9CF87207DA7D900891A43 /* Card.swift in Sources */ = {isa = PBXBuildFile; fileRef = 03E9CF86207DA7D900891A43 /* Card.swift */; };
/* End PBXBuildFile section */

/* Begin PBXContainerItemProxy section */
		03529280207C53A400F7B825 /* PBXContainerItemProxy */ = {
			isa = PBXContainerItemProxy;
			containerPortal = 03529263207C53A300F7B825 /* Project object */;
			proxyType = 1;
			remoteGlobalIDString = 0352926A207C53A300F7B825;
			remoteInfo = Concentration;
		};
		0352928B207C53A400F7B825 /* PBXContainerItemProxy */ = {
			isa = PBXContainerItemProxy;
			containerPortal = 03529263207C53A300F7B825 /* Project object */;
			proxyType = 1;
			remoteGlobalIDString = 0352926A207C53A300F7B825;
			remoteInfo = Concentration;
		};
/* End PBXContainerItemProxy section */

/* Begin PBXFileReference section */
		0352926B207C53A300F7B825 /* Concentration.app */ = {isa = PBXFileReference; explicitFileType = wrapper.application; includeInIndex = 0; path = Concentration.app; sourceTree = BUILT_PRODUCTS_DIR; };
		0352926E207C53A300F7B825 /* AppDelegate.swift */ = {isa = PBXFileReference; lastKnownFileType = sourcecode.swift; path = AppDelegate.swift; sourceTree = "<group>"; };
		03529270207C53A300F7B825 /* ViewController.swift */ = {isa = PBXFileReference; lastKnownFileType = sourcecode.swift; path = ViewController.swift; sourceTree = "<group>"; };
		03529273207C53A300F7B825 /* Base */ = {isa = PBXFileReference; lastKnownFileType = file.storyboard; name = Base; path = Base.lproj/Main.storyboard; sourceTree = "<group>"; };
		03529275207C53A400F7B825 /* Assets.xcassets */ = {isa = PBXFileReference; lastKnownFileType = folder.assetcatalog; path = Assets.xcassets; sourceTree = "<group>"; };
		03529278207C53A400F7B825 /* Base */ = {isa = PBXFileReference; lastKnownFileType = file.storyboard; name = Base; path = Base.lproj/LaunchScreen.storyboard; sourceTree = "<group>"; };
		0352927A207C53A400F7B825 /* Info.plist */ = {isa = PBXFileReference; lastKnownFileType = text.plist.xml; path = Info.plist; sourceTree = "<group>"; };
		0352927F207C53A400F7B825 /* ConcentrationTests.xctest */ = {isa = PBXFileReference; explicitFileType = wrapper.cfbundle; includeInIndex = 0; path = ConcentrationTests.xctest; sourceTree = BUILT_PRODUCTS_DIR; };
		03529283207C53A400F7B825 /* ConcentrationTests.swift */ = {isa = PBXFileReference; lastKnownFileType = sourcecode.swift; path = ConcentrationTests.swift; sourceTree = "<group>"; };
		03529285207C53A400F7B825 /* Info.plist */ = {isa = PBXFileReference; lastKnownFileType = text.plist.xml; path = Info.plist; sourceTree = "<group>"; };
		0352928A207C53A400F7B825 /* ConcentrationUITests.xctest */ = {isa = PBXFileReference; explicitFileType = wrapper.cfbundle; includeInIndex = 0; path = ConcentrationUITests.xctest; sourceTree = BUILT_PRODUCTS_DIR; };
		0352928E207C53A400F7B825 /* ConcentrationUITests.swift */ = {isa = PBXFileReference; lastKnownFileType = sourcecode.swift; path = ConcentrationUITests.swift; sourceTree = "<group>"; };
		03529290207C53A400F7B825 /* Info.plist */ = {isa = PBXFileReference; lastKnownFileType = text.plist.xml; path = Info.plist; sourceTree = "<group>"; };
		0377CD0720881F6D003D074F /* README.md */ = {isa = PBXFileReference; lastKnownFileType = net.daringfireball.markdown; path = README.md; sourceTree = "<group>"; };
		03D647942080574B00C254E7 /* Emojis.swift */ = {isa = PBXFileReference; lastKnownFileType = sourcecode.swift; path = Emojis.swift; sourceTree = "<group>"; };
		03E9CF84207DA73E00891A43 /* Concentration.swift */ = {isa = PBXFileReference; lastKnownFileType = sourcecode.swift; path = Concentration.swift; sourceTree = "<group>"; };
		03E9CF86207DA7D900891A43 /* Card.swift */ = {isa = PBXFileReference; lastKnownFileType = sourcecode.swift; path = Card.swift; sourceTree = "<group>"; };
/* End PBXFileReference section */

/* Begin PBXFrameworksBuildPhase section */
		03529268207C53A300F7B825 /* Frameworks */ = {
			isa = PBXFrameworksBuildPhase;
			buildActionMask = 2147483647;
			files = (
			);
			runOnlyForDeploymentPostprocessing = 0;
		};
		0352927C207C53A400F7B825 /* Frameworks */ = {
			isa = PBXFrameworksBuildPhase;
			buildActionMask = 2147483647;
			files = (
			);
			runOnlyForDeploymentPostprocessing = 0;
		};
		03529287207C53A400F7B825 /* Frameworks */ = {
			isa = PBXFrameworksBuildPhase;
			buildActionMask = 2147483647;
			files = (
			);
			runOnlyForDeploymentPostprocessing = 0;
		};
/* End PBXFrameworksBuildPhase section */

/* Begin PBXGroup section */
		03529262207C53A300F7B825 = {
			isa = PBXGroup;
			children = (
				0377CD0720881F6D003D074F /* README.md */,
				0352926D207C53A300F7B825 /* Concentration */,
				03529282207C53A400F7B825 /* ConcentrationTests */,
				0352928D207C53A400F7B825 /* ConcentrationUITests */,
				0352926C207C53A300F7B825 /* Products */,
			);
			sourceTree = "<group>";
		};
		0352926C207C53A300F7B825 /* Products */ = {
			isa = PBXGroup;
			children = (
				0352926B207C53A300F7B825 /* Concentration.app */,
				0352927F207C53A400F7B825 /* ConcentrationTests.xctest */,
				0352928A207C53A400F7B825 /* ConcentrationUITests.xctest */,
			);
			name = Products;
			sourceTree = "<group>";
		};
		0352926D207C53A300F7B825 /* Concentration */ = {
			isa = PBXGroup;
			children = (
				03E9CF86207DA7D900891A43 /* Card.swift */,
				03D647942080574B00C254E7 /* Emojis.swift */,
				03E9CF84207DA73E00891A43 /* Concentration.swift */,
				03529272207C53A300F7B825 /* Main.storyboard */,
				03529270207C53A300F7B825 /* ViewController.swift */,
				0352929C207C53BE00F7B825 /* Supporting Assets */,
				0352927A207C53A400F7B825 /* Info.plist */,
			);
			path = Concentration;
			sourceTree = "<group>";
		};
		03529282207C53A400F7B825 /* ConcentrationTests */ = {
			isa = PBXGroup;
			children = (
				03529283207C53A400F7B825 /* ConcentrationTests.swift */,
				03529285207C53A400F7B825 /* Info.plist */,
			);
			path = ConcentrationTests;
			sourceTree = "<group>";
		};
		0352928D207C53A400F7B825 /* ConcentrationUITests */ = {
			isa = PBXGroup;
			children = (
				0352928E207C53A400F7B825 /* ConcentrationUITests.swift */,
				03529290207C53A400F7B825 /* Info.plist */,
			);
			path = ConcentrationUITests;
			sourceTree = "<group>";
		};
		0352929C207C53BE00F7B825 /* Supporting Assets */ = {
			isa = PBXGroup;
			children = (
				0352926E207C53A300F7B825 /* AppDelegate.swift */,
				03529275207C53A400F7B825 /* Assets.xcassets */,
				03529277207C53A400F7B825 /* LaunchScreen.storyboard */,
			);
			path = "Supporting Assets";
			sourceTree = "<group>";
		};
/* End PBXGroup section */

/* Begin PBXNativeTarget section */
		0352926A207C53A300F7B825 /* Concentration */ = {
			isa = PBXNativeTarget;
			buildConfigurationList = 03529293207C53A400F7B825 /* Build configuration list for PBXNativeTarget "Concentration" */;
			buildPhases = (
				03529267207C53A300F7B825 /* Sources */,
				03529268207C53A300F7B825 /* Frameworks */,
				03529269207C53A300F7B825 /* Resources */,
			);
			buildRules = (
			);
			dependencies = (
			);
			name = Concentration;
			productName = Concentration;
			productReference = 0352926B207C53A300F7B825 /* Concentration.app */;
			productType = "com.apple.product-type.application";
		};
		0352927E207C53A400F7B825 /* ConcentrationTests */ = {
			isa = PBXNativeTarget;
			buildConfigurationList = 03529296207C53A400F7B825 /* Build configuration list for PBXNativeTarget "ConcentrationTests" */;
			buildPhases = (
				0352927B207C53A400F7B825 /* Sources */,
				0352927C207C53A400F7B825 /* Frameworks */,
				0352927D207C53A400F7B825 /* Resources */,
			);
			buildRules = (
			);
			dependencies = (
				03529281207C53A400F7B825 /* PBXTargetDependency */,
			);
			name = ConcentrationTests;
			productName = ConcentrationTests;
			productReference = 0352927F207C53A400F7B825 /* ConcentrationTests.xctest */;
			productType = "com.apple.product-type.bundle.unit-test";
		};
		03529289207C53A400F7B825 /* ConcentrationUITests */ = {
			isa = PBXNativeTarget;
			buildConfigurationList = 03529299207C53A400F7B825 /* Build configuration list for PBXNativeTarget "ConcentrationUITests" */;
			buildPhases = (
				03529286207C53A400F7B825 /* Sources */,
				03529287207C53A400F7B825 /* Frameworks */,
				03529288207C53A400F7B825 /* Resources */,
			);
			buildRules = (
			);
			dependencies = (
				0352928C207C53A400F7B825 /* PBXTargetDependency */,
			);
			name = ConcentrationUITests;
			productName = ConcentrationUITests;
			productReference = 0352928A207C53A400F7B825 /* ConcentrationUITests.xctest */;
			productType = "com.apple.product-type.bundle.ui-testing";
		};
/* End PBXNativeTarget section */

/* Begin PBXProject section */
		03529263207C53A300F7B825 /* Project object */ = {
			isa = PBXProject;
			attributes = {
				LastSwiftUpdateCheck = 0930;
				LastUpgradeCheck = 0930;
				ORGANIZATIONNAME = 1forh;
				TargetAttributes = {
					0352926A207C53A300F7B825 = {
						CreatedOnToolsVersion = 9.3;
					};
					0352927E207C53A400F7B825 = {
						CreatedOnToolsVersion = 9.3;
						TestTargetID = 0352926A207C53A300F7B825;
					};
					03529289207C53A400F7B825 = {
						CreatedOnToolsVersion = 9.3;
						TestTargetID = 0352926A207C53A300F7B825;
					};
				};
			};
			buildConfigurationList = 03529266207C53A300F7B825 /* Build configuration list for PBXProject "Concentration" */;
			compatibilityVersion = "Xcode 9.3";
			developmentRegion = en;
			hasScannedForEncodings = 0;
			knownRegions = (
				en,
				Base,
			);
			mainGroup = 03529262207C53A300F7B825;
			productRefGroup = 0352926C207C53A300F7B825 /* Products */;
			projectDirPath = "";
			projectRoot = "";
			targets = (
				0352926A207C53A300F7B825 /* Concentration */,
				0352927E207C53A400F7B825 /* ConcentrationTests */,
				03529289207C53A400F7B825 /* ConcentrationUITests */,
			);
		};
/* End PBXProject section */

/* Begin PBXResourcesBuildPhase section */
		03529269207C53A300F7B825 /* Resources */ = {
			isa = PBXResourcesBuildPhase;
			buildActionMask = 2147483647;
			files = (
				03AF70062082682E00C11D61 /* Main.storyboard in Resources */,
				03529279207C53A400F7B825 /* LaunchScreen.storyboard in Resources */,
				03529276207C53A400F7B825 /* Assets.xcassets in Resources */,
			);
			runOnlyForDeploymentPostprocessing = 0;
		};
		0352927D207C53A400F7B825 /* Resources */ = {
			isa = PBXResourcesBuildPhase;
			buildActionMask = 2147483647;
			files = (
			);
			runOnlyForDeploymentPostprocessing = 0;
		};
		03529288207C53A400F7B825 /* Resources */ = {
			isa = PBXResourcesBuildPhase;
			buildActionMask = 2147483647;
			files = (
			);
			runOnlyForDeploymentPostprocessing = 0;
		};
/* End PBXResourcesBuildPhase section */

/* Begin PBXSourcesBuildPhase section */
		03529267207C53A300F7B825 /* Sources */ = {
			isa = PBXSourcesBuildPhase;
			buildActionMask = 2147483647;
			files = (
				03529271207C53A300F7B825 /* ViewController.swift in Sources */,
				0352926F207C53A300F7B825 /* AppDelegate.swift in Sources */,
				03D647952080574B00C254E7 /* Emojis.swift in Sources */,
				03E9CF85207DA73E00891A43 /* Concentration.swift in Sources */,
				03E9CF87207DA7D900891A43 /* Card.swift in Sources */,
			);
			runOnlyForDeploymentPostprocessing = 0;
		};
		0352927B207C53A400F7B825 /* Sources */ = {
			isa = PBXSourcesBuildPhase;
			buildActionMask = 2147483647;
			files = (
				03529284207C53A400F7B825 /* ConcentrationTests.swift in Sources */,
			);
			runOnlyForDeploymentPostprocessing = 0;
		};
		03529286207C53A400F7B825 /* Sources */ = {
			isa = PBXSourcesBuildPhase;
			buildActionMask = 2147483647;
			files = (
				0352928F207C53A400F7B825 /* ConcentrationUITests.swift in Sources */,
			);
			runOnlyForDeploymentPostprocessing = 0;
		};
/* End PBXSourcesBuildPhase section */

/* Begin PBXTargetDependency section */
		03529281207C53A400F7B825 /* PBXTargetDependency */ = {
			isa = PBXTargetDependency;
			target = 0352926A207C53A300F7B825 /* Concentration */;
			targetProxy = 03529280207C53A400F7B825 /* PBXContainerItemProxy */;
		};
		0352928C207C53A400F7B825 /* PBXTargetDependency */ = {
			isa = PBXTargetDependency;
			target = 0352926A207C53A300F7B825 /* Concentration */;
			targetProxy = 0352928B207C53A400F7B825 /* PBXContainerItemProxy */;
		};
/* End PBXTargetDependency section */

/* Begin PBXVariantGroup section */
		03529272207C53A300F7B825 /* Main.storyboard */ = {
			isa = PBXVariantGroup;
			children = (
				03529273207C53A300F7B825 /* Base */,
			);
			name = Main.storyboard;
			sourceTree = "<group>";
		};
		03529277207C53A400F7B825 /* LaunchScreen.storyboard */ = {
			isa = PBXVariantGroup;
			children = (
				03529278207C53A400F7B825 /* Base */,
			);
			name = LaunchScreen.storyboard;
			sourceTree = "<group>";
		};
/* End PBXVariantGroup section */

/* Begin XCBuildConfiguration section */
		03529291207C53A400F7B825 /* Debug */ = {
			isa = XCBuildConfiguration;
			buildSettings = {
				ALWAYS_SEARCH_USER_PATHS = NO;
				CLANG_ANALYZER_NONNULL = YES;
				CLANG_ANALYZER_NUMBER_OBJECT_CONVERSION = YES_AGGRESSIVE;
				CLANG_CXX_LANGUAGE_STANDARD = "gnu++14";
				CLANG_CXX_LIBRARY = "libc++";
				CLANG_ENABLE_MODULES = YES;
				CLANG_ENABLE_OBJC_ARC = YES;
				CLANG_ENABLE_OBJC_WEAK = YES;
				CLANG_WARN_BLOCK_CAPTURE_AUTORELEASING = YES;
				CLANG_WARN_BOOL_CONVERSION = YES;
				CLANG_WARN_COMMA = YES;
				CLANG_WARN_CONSTANT_CONVERSION = YES;
				CLANG_WARN_DEPRECATED_OBJC_IMPLEMENTATIONS = YES;
				CLANG_WARN_DIRECT_OBJC_ISA_USAGE = YES_ERROR;
				CLANG_WARN_DOCUMENTATION_COMMENTS = YES;
				CLANG_WARN_EMPTY_BODY = YES;
				CLANG_WARN_ENUM_CONVERSION = YES;
				CLANG_WARN_INFINITE_RECURSION = YES;
				CLANG_WARN_INT_CONVERSION = YES;
				CLANG_WARN_NON_LITERAL_NULL_CONVERSION = YES;
				CLANG_WARN_OBJC_IMPLICIT_RETAIN_SELF = YES;
				CLANG_WARN_OBJC_LITERAL_CONVERSION = YES;
				CLANG_WARN_OBJC_ROOT_CLASS = YES_ERROR;
				CLANG_WARN_RANGE_LOOP_ANALYSIS = YES;
				CLANG_WARN_STRICT_PROTOTYPES = YES;
				CLANG_WARN_SUSPICIOUS_MOVE = YES;
				CLANG_WARN_UNGUARDED_AVAILABILITY = YES_AGGRESSIVE;
				CLANG_WARN_UNREACHABLE_CODE = YES;
				CLANG_WARN__DUPLICATE_METHOD_MATCH = YES;
				CODE_SIGN_IDENTITY = "iPhone Developer";
				COPY_PHASE_STRIP = NO;
				DEBUG_INFORMATION_FORMAT = dwarf;
				ENABLE_STRICT_OBJC_MSGSEND = YES;
				ENABLE_TESTABILITY = YES;
				GCC_C_LANGUAGE_STANDARD = gnu11;
				GCC_DYNAMIC_NO_PIC = NO;
				GCC_NO_COMMON_BLOCKS = YES;
				GCC_OPTIMIZATION_LEVEL = 0;
				GCC_PREPROCESSOR_DEFINITIONS = (
					"DEBUG=1",
					"$(inherited)",
				);
				GCC_WARN_64_TO_32_BIT_CONVERSION = YES;
				GCC_WARN_ABOUT_RETURN_TYPE = YES_ERROR;
				GCC_WARN_UNDECLARED_SELECTOR = YES;
				GCC_WARN_UNINITIALIZED_AUTOS = YES_AGGRESSIVE;
				GCC_WARN_UNUSED_FUNCTION = YES;
				GCC_WARN_UNUSED_VARIABLE = YES;
				IPHONEOS_DEPLOYMENT_TARGET = 11.3;
				MTL_ENABLE_DEBUG_INFO = YES;
				ONLY_ACTIVE_ARCH = YES;
				SDKROOT = iphoneos;
				SWIFT_ACTIVE_COMPILATION_CONDITIONS = DEBUG;
				SWIFT_OPTIMIZATION_LEVEL = "-Onone";
			};
			name = Debug;
		};
		03529292207C53A400F7B825 /* Release */ = {
			isa = XCBuildConfiguration;
			buildSettings = {
				ALWAYS_SEARCH_USER_PATHS = NO;
				CLANG_ANALYZER_NONNULL = YES;
				CLANG_ANALYZER_NUMBER_OBJECT_CONVERSION = YES_AGGRESSIVE;
				CLANG_CXX_LANGUAGE_STANDARD = "gnu++14";
				CLANG_CXX_LIBRARY = "libc++";
				CLANG_ENABLE_MODULES = YES;
				CLANG_ENABLE_OBJC_ARC = YES;
				CLANG_ENABLE_OBJC_WEAK = YES;
				CLANG_WARN_BLOCK_CAPTURE_AUTORELEASING = YES;
				CLANG_WARN_BOOL_CONVERSION = YES;
				CLANG_WARN_COMMA = YES;
				CLANG_WARN_CONSTANT_CONVERSION = YES;
				CLANG_WARN_DEPRECATED_OBJC_IMPLEMENTATIONS = YES;
				CLANG_WARN_DIRECT_OBJC_ISA_USAGE = YES_ERROR;
				CLANG_WARN_DOCUMENTATION_COMMENTS = YES;
				CLANG_WARN_EMPTY_BODY = YES;
				CLANG_WARN_ENUM_CONVERSION = YES;
				CLANG_WARN_INFINITE_RECURSION = YES;
				CLANG_WARN_INT_CONVERSION = YES;
				CLANG_WARN_NON_LITERAL_NULL_CONVERSION = YES;
				CLANG_WARN_OBJC_IMPLICIT_RETAIN_SELF = YES;
				CLANG_WARN_OBJC_LITERAL_CONVERSION = YES;
				CLANG_WARN_OBJC_ROOT_CLASS = YES_ERROR;
				CLANG_WARN_RANGE_LOOP_ANALYSIS = YES;
				CLANG_WARN_STRICT_PROTOTYPES = YES;
				CLANG_WARN_SUSPICIOUS_MOVE = YES;
				CLANG_WARN_UNGUARDED_AVAILABILITY = YES_AGGRESSIVE;
				CLANG_WARN_UNREACHABLE_CODE = YES;
				CLANG_WARN__DUPLICATE_METHOD_MATCH = YES;
				CODE_SIGN_IDENTITY = "iPhone Developer";
				COPY_PHASE_STRIP = NO;
				DEBUG_INFORMATION_FORMAT = "dwarf-with-dsym";
				ENABLE_NS_ASSERTIONS = NO;
				ENABLE_STRICT_OBJC_MSGSEND = YES;
				GCC_C_LANGUAGE_STANDARD = gnu11;
				GCC_NO_COMMON_BLOCKS = YES;
				GCC_WARN_64_TO_32_BIT_CONVERSION = YES;
				GCC_WARN_ABOUT_RETURN_TYPE = YES_ERROR;
				GCC_WARN_UNDECLARED_SELECTOR = YES;
				GCC_WARN_UNINITIALIZED_AUTOS = YES_AGGRESSIVE;
				GCC_WARN_UNUSED_FUNCTION = YES;
				GCC_WARN_UNUSED_VARIABLE = YES;
				IPHONEOS_DEPLOYMENT_TARGET = 11.3;
				MTL_ENABLE_DEBUG_INFO = NO;
				SDKROOT = iphoneos;
				SWIFT_COMPILATION_MODE = wholemodule;
				SWIFT_OPTIMIZATION_LEVEL = "-O";
				VALIDATE_PRODUCT = YES;
			};
			name = Release;
		};
		03529294207C53A400F7B825 /* Debug */ = {
			isa = XCBuildConfiguration;
			buildSettings = {
				ASSETCATALOG_COMPILER_APPICON_NAME = AppIcon;
				CODE_SIGN_IDENTITY = "iPhone Developer";
				CODE_SIGN_STYLE = Automatic;
				DEVELOPMENT_TEAM = D25M6QQWR3;
				INFOPLIST_FILE = Concentration/Info.plist;
				IPHONEOS_DEPLOYMENT_TARGET = 11.0;
				LD_RUNPATH_SEARCH_PATHS = (
					"$(inherited)",
					"@executable_path/Frameworks",
				);
				PRODUCT_BUNDLE_IDENTIFIER = forh.Concentration;
				PRODUCT_NAME = "$(TARGET_NAME)";
				PROVISIONING_PROFILE_SPECIFIER = "";
				SWIFT_VERSION = 4.0;
				TARGETED_DEVICE_FAMILY = "1,2";
			};
			name = Debug;
		};
		03529295207C53A400F7B825 /* Release */ = {
			isa = XCBuildConfiguration;
			buildSettings = {
				ASSETCATALOG_COMPILER_APPICON_NAME = AppIcon;
				CODE_SIGN_IDENTITY = "iPhone Developer";
				CODE_SIGN_STYLE = Automatic;
				DEVELOPMENT_TEAM = D25M6QQWR3;
				INFOPLIST_FILE = Concentration/Info.plist;
				IPHONEOS_DEPLOYMENT_TARGET = 11.0;
				LD_RUNPATH_SEARCH_PATHS = (
					"$(inherited)",
					"@executable_path/Frameworks",
				);
				PRODUCT_BUNDLE_IDENTIFIER = forh.Concentration;
				PRODUCT_NAME = "$(TARGET_NAME)";
				PROVISIONING_PROFILE_SPECIFIER = "";
				SWIFT_VERSION = 4.0;
				TARGETED_DEVICE_FAMILY = "1,2";
			};
			name = Release;
		};
		03529297207C53A400F7B825 /* Debug */ = {
			isa = XCBuildConfiguration;
			buildSettings = {
				ALWAYS_EMBED_SWIFT_STANDARD_LIBRARIES = YES;
				BUNDLE_LOADER = "$(TEST_HOST)";
				CODE_SIGN_STYLE = Automatic;
				DEVELOPMENT_TEAM = D25M6QQWR3;
				INFOPLIST_FILE = ConcentrationTests/Info.plist;
				LD_RUNPATH_SEARCH_PATHS = (
					"$(inherited)",
					"@executable_path/Frameworks",
					"@loader_path/Frameworks",
				);
				PRODUCT_BUNDLE_IDENTIFIER = forh.ConcentrationTests;
				PRODUCT_NAME = "$(TARGET_NAME)";
				SWIFT_VERSION = 4.0;
				TARGETED_DEVICE_FAMILY = "1,2";
				TEST_HOST = "$(BUILT_PRODUCTS_DIR)/Concentration.app/Concentration";
			};
			name = Debug;
		};
		03529298207C53A400F7B825 /* Release */ = {
			isa = XCBuildConfiguration;
			buildSettings = {
				ALWAYS_EMBED_SWIFT_STANDARD_LIBRARIES = YES;
				BUNDLE_LOADER = "$(TEST_HOST)";
				CODE_SIGN_STYLE = Automatic;
				DEVELOPMENT_TEAM = D25M6QQWR3;
				INFOPLIST_FILE = ConcentrationTests/Info.plist;
				LD_RUNPATH_SEARCH_PATHS = (
					"$(inherited)",
					"@executable_path/Frameworks",
					"@loader_path/Frameworks",
				);
				PRODUCT_BUNDLE_IDENTIFIER = forh.ConcentrationTests;
				PRODUCT_NAME = "$(TARGET_NAME)";
				SWIFT_VERSION = 4.0;
				TARGETED_DEVICE_FAMILY = "1,2";
				TEST_HOST = "$(BUILT_PRODUCTS_DIR)/Concentration.app/Concentration";
			};
			name = Release;
		};
		0352929A207C53A400F7B825 /* Debug */ = {
			isa = XCBuildConfiguration;
			buildSettings = {
				ALWAYS_EMBED_SWIFT_STANDARD_LIBRARIES = YES;
				CODE_SIGN_STYLE = Automatic;
				DEVELOPMENT_TEAM = D25M6QQWR3;
				INFOPLIST_FILE = ConcentrationUITests/Info.plist;
				LD_RUNPATH_SEARCH_PATHS = (
					"$(inherited)",
					"@executable_path/Frameworks",
					"@loader_path/Frameworks",
				);
				PRODUCT_BUNDLE_IDENTIFIER = forh.ConcentrationUITests;
				PRODUCT_NAME = "$(TARGET_NAME)";
				SWIFT_VERSION = 4.0;
				TARGETED_DEVICE_FAMILY = "1,2";
				TEST_TARGET_NAME = Concentration;
			};
			name = Debug;
		};
		0352929B207C53A400F7B825 /* Release */ = {
			isa = XCBuildConfiguration;
			buildSettings = {
				ALWAYS_EMBED_SWIFT_STANDARD_LIBRARIES = YES;
				CODE_SIGN_STYLE = Automatic;
				DEVELOPMENT_TEAM = D25M6QQWR3;
				INFOPLIST_FILE = ConcentrationUITests/Info.plist;
				LD_RUNPATH_SEARCH_PATHS = (
					"$(inherited)",
					"@executable_path/Frameworks",
					"@loader_path/Frameworks",
				);
				PRODUCT_BUNDLE_IDENTIFIER = forh.ConcentrationUITests;
				PRODUCT_NAME = "$(TARGET_NAME)";
				SWIFT_VERSION = 4.0;
				TARGETED_DEVICE_FAMILY = "1,2";
				TEST_TARGET_NAME = Concentration;
			};
			name = Release;
		};
/* End XCBuildConfiguration section */

/* Begin XCConfigurationList section */
		03529266207C53A300F7B825 /* Build configuration list for PBXProject "Concentration" */ = {
			isa = XCConfigurationList;
			buildConfigurations = (
				03529291207C53A400F7B825 /* Debug */,
				03529292207C53A400F7B825 /* Release */,
			);
			defaultConfigurationIsVisible = 0;
			defaultConfigurationName = Release;
		};
		03529293207C53A400F7B825 /* Build configuration list for PBXNativeTarget "Concentration" */ = {
			isa = XCConfigurationList;
			buildConfigurations = (
				03529294207C53A400F7B825 /* Debug */,
				03529295207C53A400F7B825 /* Release */,
			);
			defaultConfigurationIsVisible = 0;
			defaultConfigurationName = Release;
		};
		03529296207C53A400F7B825 /* Build configuration list for PBXNativeTarget "ConcentrationTests" */ = {
			isa = XCConfigurationList;
			buildConfigurations = (
				03529297207C53A400F7B825 /* Debug */,
				03529298207C53A400F7B825 /* Release */,
			);
			defaultConfigurationIsVisible = 0;
			defaultConfigurationName = Release;
		};
		03529299207C53A400F7B825 /* Build configuration list for PBXNativeTarget "ConcentrationUITests" */ = {
			isa = XCConfigurationList;
			buildConfigurations = (
				0352929A207C53A400F7B825 /* Debug */,
				0352929B207C53A400F7B825 /* Release */,
			);
			defaultConfigurationIsVisible = 0;
			defaultConfigurationName = Release;
		};
/* End XCConfigurationList section */
	};
	rootObject = 03529263207C53A300F7B825 /* Project object */;
}
